
Microsoft Visual Studio Solution File, Format Version 12.00
# Visual Studio Version 16
VisualStudioVersion = 16.0.31019.35
MinimumVisualStudioVersion = 10.0.40219.1
Project("{9A19103F-16F7-4668-BE54-9A1E7A4F7556}") = "productorPp", "productorPp\productorPp.csproj", "{2DFA4E2D-F196-4562-9D31-255E92811FB2}"
EndProject
Project("{FAE04EC0-301F-11D3-BF4B-00C04F79EFBC}") = "fnConsumidorPp", "fnConsumidorPp\fnConsumidorPp.csproj", "{26FCEB58-EDCB-4689-ACE4-445E711119DE}"
EndProject
Global
	GlobalSection(SolutionConfigurationPlatforms) = preSolution
		Debug|Any CPU = Debug|Any CPU
		Release|Any CPU = Release|Any CPU
	EndGlobalSection
	GlobalSection(ProjectConfigurationPlatforms) = postSolution
		{2DFA4E2D-F196-4562-9D31-255E92811FB2}.Debug|Any CPU.ActiveCfg = Debug|Any CPU
		{2DFA4E2D-F196-4562-9D31-255E92811FB2}.Debug|Any CPU.Build.0 = Debug|Any CPU
		{2DFA4E2D-F196-4562-9D31-255E92811FB2}.Release|Any CPU.ActiveCfg = Release|Any CPU
		{2DFA4E2D-F196-4562-9D31-255E92811FB2}.Release|Any CPU.Build.0 = Release|Any CPU
		{26FCEB58-EDCB-4689-ACE4-445E711119DE}.Debug|Any CPU.ActiveCfg = Debug|Any CPU
		{26FCEB58-EDCB-4689-ACE4-445E711119DE}.Debug|Any CPU.Build.0 = Debug|Any CPU
		{26FCEB58-EDCB-4689-ACE4-445E711119DE}.Release|Any CPU.ActiveCfg = Release|Any CPU
		{26FCEB58-EDCB-4689-ACE4-445E711119DE}.Release|Any CPU.Build.0 = Release|Any CPU
	EndGlobalSection
	GlobalSection(SolutionProperties) = preSolution
		HideSolutionNode = FALSE
	EndGlobalSection
	GlobalSection(ExtensibilityGlobals) = postSolution
		SolutionGuid = {DE6B534F-C501-413B-B511-5E4481EDEFB9}
	EndGlobalSection
EndGlobal
